
Microsoft Visual Studio Solution File, Format Version 12.00
Project("{2150E333-8FDC-42A3-9474-1A3956D46DE8}") = "Source", "Source", "{35BC804C-2ED7-4445-A389-6D8ECFAAE606}"
EndProject
Project("{FAE04EC0-301F-11D3-BF4B-00C04F79EFBC}") = "Api", "Api\Api.csproj", "{8A77B452-5FAB-4735-B198-305F2CAD6D90}"
EndProject
Project("{FAE04EC0-301F-11D3-BF4B-00C04F79EFBC}") = "Core", "Core\Core.csproj", "{F8B60B9D-FDE8-411C-BA61-20C5D3C58524}"
EndProject
Project("{FAE04EC0-301F-11D3-BF4B-00C04F79EFBC}") = "Application", "Application\Application.csproj", "{D4D1F372-E16D-4121-BD57-D986435E25A7}"
EndProject
Project("{FAE04EC0-301F-11D3-BF4B-00C04F79EFBC}") = "Infrastructure", "Infrastructure\Infrastructure.csproj", "{2A47855D-D2DE-4476-9D07-6A259EBBCABD}"
EndProject
Project("{FAE04EC0-301F-11D3-BF4B-00C04F79EFBC}") = "Persistence", "Persistence\Persistence.csproj", "{6907CFE3-0F95-4438-A457-022663DB6EDA}"
EndProject
Global
	GlobalSection(SolutionConfigurationPlatforms) = preSolution
		Debug|Any CPU = Debug|Any CPU
		Release|Any CPU = Release|Any CPU
	EndGlobalSection
	GlobalSection(ProjectConfigurationPlatforms) = postSolution
		{8A77B452-5FAB-4735-B198-305F2CAD6D90}.Debug|Any CPU.ActiveCfg = Debug|Any CPU
		{8A77B452-5FAB-4735-B198-305F2CAD6D90}.Debug|Any CPU.Build.0 = Debug|Any CPU
		{8A77B452-5FAB-4735-B198-305F2CAD6D90}.Release|Any CPU.ActiveCfg = Release|Any CPU
		{8A77B452-5FAB-4735-B198-305F2CAD6D90}.Release|Any CPU.Build.0 = Release|Any CPU
		{F8B60B9D-FDE8-411C-BA61-20C5D3C58524}.Debug|Any CPU.ActiveCfg = Debug|Any CPU
		{F8B60B9D-FDE8-411C-BA61-20C5D3C58524}.Debug|Any CPU.Build.0 = Debug|Any CPU
		{F8B60B9D-FDE8-411C-BA61-20C5D3C58524}.Release|Any CPU.ActiveCfg = Release|Any CPU
		{F8B60B9D-FDE8-411C-BA61-20C5D3C58524}.Release|Any CPU.Build.0 = Release|Any CPU
		{D4D1F372-E16D-4121-BD57-D986435E25A7}.Debug|Any CPU.ActiveCfg = Debug|Any CPU
		{D4D1F372-E16D-4121-BD57-D986435E25A7}.Debug|Any CPU.Build.0 = Debug|Any CPU
		{D4D1F372-E16D-4121-BD57-D986435E25A7}.Release|Any CPU.ActiveCfg = Release|Any CPU
		{D4D1F372-E16D-4121-BD57-D986435E25A7}.Release|Any CPU.Build.0 = Release|Any CPU
		{2A47855D-D2DE-4476-9D07-6A259EBBCABD}.Debug|Any CPU.ActiveCfg = Debug|Any CPU
		{2A47855D-D2DE-4476-9D07-6A259EBBCABD}.Debug|Any CPU.Build.0 = Debug|Any CPU
		{2A47855D-D2DE-4476-9D07-6A259EBBCABD}.Release|Any CPU.ActiveCfg = Release|Any CPU
		{2A47855D-D2DE-4476-9D07-6A259EBBCABD}.Release|Any CPU.Build.0 = Release|Any CPU
		{6907CFE3-0F95-4438-A457-022663DB6EDA}.Debug|Any CPU.ActiveCfg = Debug|Any CPU
		{6907CFE3-0F95-4438-A457-022663DB6EDA}.Debug|Any CPU.Build.0 = Debug|Any CPU
		{6907CFE3-0F95-4438-A457-022663DB6EDA}.Release|Any CPU.ActiveCfg = Release|Any CPU
		{6907CFE3-0F95-4438-A457-022663DB6EDA}.Release|Any CPU.Build.0 = Release|Any CPU
	EndGlobalSection
	GlobalSection(NestedProjects) = preSolution
		{8A77B452-5FAB-4735-B198-305F2CAD6D90} = {35BC804C-2ED7-4445-A389-6D8ECFAAE606}
		{F8B60B9D-FDE8-411C-BA61-20C5D3C58524} = {35BC804C-2ED7-4445-A389-6D8ECFAAE606}
		{D4D1F372-E16D-4121-BD57-D986435E25A7} = {35BC804C-2ED7-4445-A389-6D8ECFAAE606}
		{2A47855D-D2DE-4476-9D07-6A259EBBCABD} = {35BC804C-2ED7-4445-A389-6D8ECFAAE606}
		{6907CFE3-0F95-4438-A457-022663DB6EDA} = {35BC804C-2ED7-4445-A389-6D8ECFAAE606}
	EndGlobalSection
EndGlobal
